{
  "lockfileVersion": 1,
  "workspaces": {
    "": {
      "name": "pvp-rank-api",
      "dependencies": {
        "@hono/swagger-ui": "^0.5.2",
        "@hono/zod-openapi": "^1.1.4",
        "hono": "^4.10.2",
        "zod": "^4.1.12",
      },
      "devDependencies": {
        "@types/bun": "latest",
      },
    },
  },
  "packages": {
    "@asteasolutions/zod-to-openapi": ["@asteasolutions/zod-to-openapi@8.1.0", "", { "dependencies": { "openapi3-ts": "^4.1.2" }, "peerDependencies": { "zod": "^4.0.0" } }, "sha512-tQFxVs05J/6QXXqIzj6rTRk3nj1HFs4pe+uThwE95jL5II2JfpVXkK+CqkO7aT0Do5AYqO6LDrKpleLUFXgY+g=="],

    "@hono/swagger-ui": ["@hono/swagger-ui@0.5.2", "", { "peerDependencies": { "hono": "*" } }, "sha512-7wxLKdb8h7JTdZ+K8DJNE3KXQMIpJejkBTQjrYlUWF28Z1PGOKw6kUykARe5NTfueIN37jbyG/sBYsbzXzG53A=="],

    "@hono/zod-openapi": ["@hono/zod-openapi@1.1.4", "", { "dependencies": { "@asteasolutions/zod-to-openapi": "^8.1.0", "@hono/zod-validator": "^0.7.4", "openapi3-ts": "^4.5.0" }, "peerDependencies": { "hono": ">=4.3.6", "zod": "^4.0.0" } }, "sha512-4BbOtd6oKg20yo6HLluVbEycBLLIfdKX5o/gUSoKZ2uBmeP4Og/VDfIX3k9pbNEX5W3fRkuPeVjGA+zaQDVY1A=="],

    "@hono/zod-validator": ["@hono/zod-validator@0.7.4", "", { "peerDependencies": { "hono": ">=3.9.0", "zod": "^3.25.0 || ^4.0.0" } }, "sha512-biKGn3BRJVaftZlIPMyK+HCe/UHAjJ6sH0UyXe3+v0OcgVr9xfImDROTJFLtn9e3XEEAHGZIM9U6evu85abm8Q=="],

    "@types/bun": ["@types/bun@1.3.0", "", { "dependencies": { "bun-types": "1.3.0" } }, "sha512-+lAGCYjXjip2qY375xX/scJeVRmZ5cY0wyHYyCYxNcdEXrQ4AOe3gACgd4iQ8ksOslJtW4VNxBJ8llUwc3a6AA=="],

    "@types/node": ["@types/node@24.9.1", "", { "dependencies": { "undici-types": "~7.16.0" } }, "sha512-QoiaXANRkSXK6p0Duvt56W208du4P9Uye9hWLWgGMDTEoKPhuenzNcC4vGUmrNkiOKTlIrBoyNQYNpSwfEZXSg=="],

    "@types/react": ["@types/react@19.2.2", "", { "dependencies": { "csstype": "^3.0.2" } }, "sha512-6mDvHUFSjyT2B2yeNx2nUgMxh9LtOWvkhIU3uePn2I2oyNymUAX1NIsdgviM4CH+JSrp2D2hsMvJOkxY+0wNRA=="],

    "bun-types": ["bun-types@1.3.0", "", { "dependencies": { "@types/node": "*" }, "peerDependencies": { "@types/react": "^19" } }, "sha512-u8X0thhx+yJ0KmkxuEo9HAtdfgCBaM/aI9K90VQcQioAmkVp3SG3FkwWGibUFz3WdXAdcsqOcbU40lK7tbHdkQ=="],

    "csstype": ["csstype@3.1.3", "", {}, "sha512-M1uQkMl8rQK/szD0LNhtqxIPLpimGm8sOBwU7lLnCpSbTyY3yeU1Vc7l4KT5zT4s/yOxHH5O7tIuuLOCnLADRw=="],

    "hono": ["hono@4.10.2", "", {}, "sha512-p6fyzl+mQo6uhESLxbF5WlBOAJMDh36PljwlKtP5V1v09NxlqGru3ShK+4wKhSuhuYf8qxMmrivHOa/M7q0sMg=="],

    "openapi3-ts": ["openapi3-ts@4.5.0", "", { "dependencies": { "yaml": "^2.8.0" } }, "sha512-jaL+HgTq2Gj5jRcfdutgRGLosCy/hT8sQf6VOy+P+g36cZOjI1iukdPnijC+4CmeRzg/jEllJUboEic2FhxhtQ=="],

    "undici-types": ["undici-types@7.16.0", "", {}, "sha512-Zz+aZWSj8LE6zoxD+xrjh4VfkIG8Ya6LvYkZqtUQGJPZjYl53ypCaUwWqo7eI0x66KBGeRo+mlBEkMSeSZ38Nw=="],

    "yaml": ["yaml@2.8.1", "", { "bin": { "yaml": "bin.mjs" } }, "sha512-lcYcMxX2PO9XMGvAJkJ3OsNMw+/7FKes7/hgerGUYWIoWu5j/+YQqcZr5JnPZWzOsEBgMbSbiSTn/dv/69Mkpw=="],

    "zod": ["zod@4.1.12", "", {}, "sha512-JInaHOamG8pt5+Ey8kGmdcAcg3OL9reK8ltczgHTAwNhMys/6ThXHityHxVV2p3fkw/c+MAvBHFVYHFZDmjMCQ=="],
  }
}
